// !$*UTF8*$!
{
	archiveVersion = 1;
	classes = {
	};
	objectVersion = 46;
	objects = {

/* Begin PBXBuildFile section */
		9EFD125682F5605CAF3AB6DC /* Pods_SouqTask.framework in Frameworks */ = {isa = PBXBuildFile; fileRef = 5492F66B4CB988F711E4339D /* Pods_SouqTask.framework */; };
		B9125DD71C7A593D0058E1D7 /* SouqTaskTests.swift in Sources */ = {isa = PBXBuildFile; fileRef = B9125DD61C7A593D0058E1D7 /* SouqTaskTests.swift */; };
		B9125DE21C7A593D0058E1D7 /* SouqTaskUITests.swift in Sources */ = {isa = PBXBuildFile; fileRef = B9125DE11C7A593D0058E1D7 /* SouqTaskUITests.swift */; };
		B9125DFE1C7A5D360058E1D7 /* AppDelegate.swift in Sources */ = {isa = PBXBuildFile; fileRef = B9125DF01C7A5D360058E1D7 /* AppDelegate.swift */; };
		B96B31711C8718A6003CEAD3 /* LoginTableViewController.swift in Sources */ = {isa = PBXBuildFile; fileRef = B96B313E1C8718A6003CEAD3 /* LoginTableViewController.swift */; };
		B96B31721C8718A6003CEAD3 /* Authenticator.swift in Sources */ = {isa = PBXBuildFile; fileRef = B96B31401C8718A6003CEAD3 /* Authenticator.swift */; };
		B96B31731C8718A6003CEAD3 /* BaseCollectionViewController.swift in Sources */ = {isa = PBXBuildFile; fileRef = B96B31451C8718A6003CEAD3 /* BaseCollectionViewController.swift */; };
		B96B31741C8718A6003CEAD3 /* BaseTableViewController.swift in Sources */ = {isa = PBXBuildFile; fileRef = B96B31461C8718A6003CEAD3 /* BaseTableViewController.swift */; };
		B96B31751C8718A6003CEAD3 /* BaseViewController.swift in Sources */ = {isa = PBXBuildFile; fileRef = B96B31471C8718A6003CEAD3 /* BaseViewController.swift */; };
		B96B31761C8718A6003CEAD3 /* Assets.swift in Sources */ = {isa = PBXBuildFile; fileRef = B96B31491C8718A6003CEAD3 /* Assets.swift */; };
		B96B31771C8718A6003CEAD3 /* Constants.swift in Sources */ = {isa = PBXBuildFile; fileRef = B96B314A1C8718A6003CEAD3 /* Constants.swift */; };
		B96B31781C8718A6003CEAD3 /* Extensions.swift in Sources */ = {isa = PBXBuildFile; fileRef = B96B314C1C8718A6003CEAD3 /* Extensions.swift */; };
		B96B31791C8718A6003CEAD3 /* Networker.swift in Sources */ = {isa = PBXBuildFile; fileRef = B96B314D1C8718A6003CEAD3 /* Networker.swift */; };
		B96B317A1C8718A6003CEAD3 /* Router.swift in Sources */ = {isa = PBXBuildFile; fileRef = B96B314E1C8718A6003CEAD3 /* Router.swift */; };
		B96B317B1C8718A6003CEAD3 /* Utility.swift in Sources */ = {isa = PBXBuildFile; fileRef = B96B314F1C8718A6003CEAD3 /* Utility.swift */; };
		B96B317C1C8718A6003CEAD3 /* Price.swift in Sources */ = {isa = PBXBuildFile; fileRef = B96B31511C8718A6003CEAD3 /* Price.swift */; };
		B96B317D1C8718A6003CEAD3 /* Root.swift in Sources */ = {isa = PBXBuildFile; fileRef = B96B31521C8718A6003CEAD3 /* Root.swift */; };
		B96B317E1C8718A6003CEAD3 /* LaunchScreen.storyboard in Resources */ = {isa = PBXBuildFile; fileRef = B96B31541C8718A6003CEAD3 /* LaunchScreen.storyboard */; };
		B96B317F1C8718A6003CEAD3 /* Main.storyboard in Resources */ = {isa = PBXBuildFile; fileRef = B96B31561C8718A6003CEAD3 /* Main.storyboard */; };
		B96B31801C8718A6003CEAD3 /* Assets.xcassets in Resources */ = {isa = PBXBuildFile; fileRef = B96B31591C8718A6003CEAD3 /* Assets.xcassets */; };
		B96B31811C8718A6003CEAD3 /* FavoritesCollectionViewController.swift in Sources */ = {isa = PBXBuildFile; fileRef = B96B315D1C8718A6003CEAD3 /* FavoritesCollectionViewController.swift */; };
		B96B31821C8718A6003CEAD3 /* StartupViewController.swift in Sources */ = {isa = PBXBuildFile; fileRef = B96B31621C8718A6003CEAD3 /* StartupViewController.swift */; };
		B96B31831C8718A6003CEAD3 /* ProductsCollectionViewController.swift in Sources */ = {isa = PBXBuildFile; fileRef = B96B31671C8718A6003CEAD3 /* ProductsCollectionViewController.swift */; };
		B96B31841C8718A6003CEAD3 /* Product.swift in Sources */ = {isa = PBXBuildFile; fileRef = B96B31691C8718A6003CEAD3 /* Product.swift */; };
		B96B31851C8718A6003CEAD3 /* ProductType.swift in Sources */ = {isa = PBXBuildFile; fileRef = B96B316A1C8718A6003CEAD3 /* ProductType.swift */; };
		B96B31861C8718A6003CEAD3 /* ProductsCollectionView.swift in Sources */ = {isa = PBXBuildFile; fileRef = B96B316C1C8718A6003CEAD3 /* ProductsCollectionView.swift */; };
		B96B31871C8718A6003CEAD3 /* FavoritedProductCell.xib in Resources */ = {isa = PBXBuildFile; fileRef = B96B316E1C8718A6003CEAD3 /* FavoritedProductCell.xib */; };
		B96B31881C8718A6003CEAD3 /* FeedProductCell.xib in Resources */ = {isa = PBXBuildFile; fileRef = B96B316F1C8718A6003CEAD3 /* FeedProductCell.xib */; };
		B96B31891C8718A6003CEAD3 /* ProductCollectionViewCell.swift in Sources */ = {isa = PBXBuildFile; fileRef = B96B31701C8718A6003CEAD3 /* ProductCollectionViewCell.swift */; };
		B96B31971C8730C4003CEAD3 /* ProductRouter.swift in Sources */ = {isa = PBXBuildFile; fileRef = B96B31961C8730C4003CEAD3 /* ProductRouter.swift */; };
		B9D3D8A71C8B239E008BCBB8 /* Ext-String.swift in Sources */ = {isa = PBXBuildFile; fileRef = B9D3D8A61C8B239E008BCBB8 /* Ext-String.swift */; };
		B9DECC211C884701002C79EF /* Serializer.swift in Sources */ = {isa = PBXBuildFile; fileRef = B9DECC201C884701002C79EF /* Serializer.swift */; };
		B9DECC231C88A111002C79EF /* Error.swift in Sources */ = {isa = PBXBuildFile; fileRef = B9DECC221C88A111002C79EF /* Error.swift */; };
		B9DECC251C88FDE0002C79EF /* ProductTypesViewController.swift in Sources */ = {isa = PBXBuildFile; fileRef = B9DECC241C88FDE0002C79EF /* ProductTypesViewController.swift */; };
		B9DECC271C88FE04002C79EF /* BaseTableViewCell.swift in Sources */ = {isa = PBXBuildFile; fileRef = B9DECC261C88FE04002C79EF /* BaseTableViewCell.swift */; };
		B9DECC291C88FE2A002C79EF /* ProductTypeTableViewCell.swift in Sources */ = {isa = PBXBuildFile; fileRef = B9DECC281C88FE2A002C79EF /* ProductTypeTableViewCell.swift */; };
		B9DECC2B1C88FE90002C79EF /* BaseCollectionViewCell.swift in Sources */ = {isa = PBXBuildFile; fileRef = B9DECC2A1C88FE90002C79EF /* BaseCollectionViewCell.swift */; };
		B9DECC2E1C89EEDC002C79EF /* Ext-DefaultsKeys.swift in Sources */ = {isa = PBXBuildFile; fileRef = B9DECC2D1C89EEDC002C79EF /* Ext-DefaultsKeys.swift */; };
/* End PBXBuildFile section */

/* Begin PBXContainerItemProxy section */
		B9125DD31C7A593D0058E1D7 /* PBXContainerItemProxy */ = {
			isa = PBXContainerItemProxy;
			containerPortal = B9125DB41C7A593D0058E1D7 /* Project object */;
			proxyType = 1;
			remoteGlobalIDString = B9125DBB1C7A593D0058E1D7;
			remoteInfo = SouqTask;
		};
		B9125DDE1C7A593D0058E1D7 /* PBXContainerItemProxy */ = {
			isa = PBXContainerItemProxy;
			containerPortal = B9125DB41C7A593D0058E1D7 /* Project object */;
			proxyType = 1;
			remoteGlobalIDString = B9125DBB1C7A593D0058E1D7;
			remoteInfo = SouqTask;
		};
/* End PBXContainerItemProxy section */

/* Begin PBXFileReference section */
		1DD4371FDE3AE8702D73EEA7 /* Pods-SouqTask.debug.xcconfig */ = {isa = PBXFileReference; includeInIndex = 1; lastKnownFileType = text.xcconfig; name = "Pods-SouqTask.debug.xcconfig"; path = "Pods/Target Support Files/Pods-SouqTask/Pods-SouqTask.debug.xcconfig"; sourceTree = "<group>"; };
		5225D140D04ABDD94B2B6C8A /* Pods-SouqTask.release.xcconfig */ = {isa = PBXFileReference; includeInIndex = 1; lastKnownFileType = text.xcconfig; name = "Pods-SouqTask.release.xcconfig"; path = "Pods/Target Support Files/Pods-SouqTask/Pods-SouqTask.release.xcconfig"; sourceTree = "<group>"; };
		5492F66B4CB988F711E4339D /* Pods_SouqTask.framework */ = {isa = PBXFileReference; explicitFileType = wrapper.framework; includeInIndex = 0; path = Pods_SouqTask.framework; sourceTree = BUILT_PRODUCTS_DIR; };
		B9125DBC1C7A593D0058E1D7 /* SouqTask.app */ = {isa = PBXFileReference; explicitFileType = wrapper.application; includeInIndex = 0; path = SouqTask.app; sourceTree = BUILT_PRODUCTS_DIR; };
		B9125DD21C7A593D0058E1D7 /* SouqTaskTests.xctest */ = {isa = PBXFileReference; explicitFileType = wrapper.cfbundle; includeInIndex = 0; path = SouqTaskTests.xctest; sourceTree = BUILT_PRODUCTS_DIR; };
		B9125DD61C7A593D0058E1D7 /* SouqTaskTests.swift */ = {isa = PBXFileReference; lastKnownFileType = sourcecode.swift; path = SouqTaskTests.swift; sourceTree = "<group>"; };
		B9125DD81C7A593D0058E1D7 /* Info.plist */ = {isa = PBXFileReference; lastKnownFileType = text.plist.xml; path = Info.plist; sourceTree = "<group>"; };
		B9125DDD1C7A593D0058E1D7 /* SouqTaskUITests.xctest */ = {isa = PBXFileReference; explicitFileType = wrapper.cfbundle; includeInIndex = 0; path = SouqTaskUITests.xctest; sourceTree = BUILT_PRODUCTS_DIR; };
		B9125DE11C7A593D0058E1D7 /* SouqTaskUITests.swift */ = {isa = PBXFileReference; lastKnownFileType = sourcecode.swift; path = SouqTaskUITests.swift; sourceTree = "<group>"; };
		B9125DE31C7A593D0058E1D7 /* Info.plist */ = {isa = PBXFileReference; lastKnownFileType = text.plist.xml; path = Info.plist; sourceTree = "<group>"; };
		B9125DF01C7A5D360058E1D7 /* AppDelegate.swift */ = {isa = PBXFileReference; fileEncoding = 4; lastKnownFileType = sourcecode.swift; path = AppDelegate.swift; sourceTree = "<group>"; };
		B9125DF11C7A5D360058E1D7 /* Info.plist */ = {isa = PBXFileReference; fileEncoding = 4; lastKnownFileType = text.plist.xml; path = Info.plist; sourceTree = "<group>"; };
		B96B313E1C8718A6003CEAD3 /* LoginTableViewController.swift */ = {isa = PBXFileReference; fileEncoding = 4; lastKnownFileType = sourcecode.swift; path = LoginTableViewController.swift; sourceTree = "<group>"; };
		B96B31401C8718A6003CEAD3 /* Authenticator.swift */ = {isa = PBXFileReference; fileEncoding = 4; lastKnownFileType = sourcecode.swift; path = Authenticator.swift; sourceTree = "<group>"; };
		B96B31451C8718A6003CEAD3 /* BaseCollectionViewController.swift */ = {isa = PBXFileReference; fileEncoding = 4; lastKnownFileType = sourcecode.swift; path = BaseCollectionViewController.swift; sourceTree = "<group>"; };
		B96B31461C8718A6003CEAD3 /* BaseTableViewController.swift */ = {isa = PBXFileReference; fileEncoding = 4; lastKnownFileType = sourcecode.swift; path = BaseTableViewController.swift; sourceTree = "<group>"; };
		B96B31471C8718A6003CEAD3 /* BaseViewController.swift */ = {isa = PBXFileReference; fileEncoding = 4; lastKnownFileType = sourcecode.swift; path = BaseViewController.swift; sourceTree = "<group>"; };
		B96B31491C8718A6003CEAD3 /* Assets.swift */ = {isa = PBXFileReference; fileEncoding = 4; lastKnownFileType = sourcecode.swift; path = Assets.swift; sourceTree = "<group>"; };
		B96B314A1C8718A6003CEAD3 /* Constants.swift */ = {isa = PBXFileReference; fileEncoding = 4; lastKnownFileType = sourcecode.swift; path = Constants.swift; sourceTree = "<group>"; };
		B96B314C1C8718A6003CEAD3 /* Extensions.swift */ = {isa = PBXFileReference; fileEncoding = 4; lastKnownFileType = sourcecode.swift; path = Extensions.swift; sourceTree = "<group>"; };
		B96B314D1C8718A6003CEAD3 /* Networker.swift */ = {isa = PBXFileReference; fileEncoding = 4; lastKnownFileType = sourcecode.swift; path = Networker.swift; sourceTree = "<group>"; };
		B96B314E1C8718A6003CEAD3 /* Router.swift */ = {isa = PBXFileReference; fileEncoding = 4; lastKnownFileType = sourcecode.swift; path = Router.swift; sourceTree = "<group>"; };
		B96B314F1C8718A6003CEAD3 /* Utility.swift */ = {isa = PBXFileReference; fileEncoding = 4; lastKnownFileType = sourcecode.swift; path = Utility.swift; sourceTree = "<group>"; };
		B96B31511C8718A6003CEAD3 /* Price.swift */ = {isa = PBXFileReference; fileEncoding = 4; lastKnownFileType = sourcecode.swift; path = Price.swift; sourceTree = "<group>"; };
		B96B31521C8718A6003CEAD3 /* Root.swift */ = {isa = PBXFileReference; fileEncoding = 4; lastKnownFileType = sourcecode.swift; path = Root.swift; sourceTree = "<group>"; };
		B96B31551C8718A6003CEAD3 /* Base */ = {isa = PBXFileReference; lastKnownFileType = file.storyboard; name = Base; path = Base.lproj/LaunchScreen.storyboard; sourceTree = "<group>"; };
		B96B31571C8718A6003CEAD3 /* Base */ = {isa = PBXFileReference; lastKnownFileType = file.storyboard; name = Base; path = Base.lproj/Main.storyboard; sourceTree = "<group>"; };
		B96B31591C8718A6003CEAD3 /* Assets.xcassets */ = {isa = PBXFileReference; lastKnownFileType = folder.assetcatalog; path = Assets.xcassets; sourceTree = "<group>"; };
		B96B315D1C8718A6003CEAD3 /* FavoritesCollectionViewController.swift */ = {isa = PBXFileReference; fileEncoding = 4; lastKnownFileType = sourcecode.swift; path = FavoritesCollectionViewController.swift; sourceTree = "<group>"; };
		B96B31621C8718A6003CEAD3 /* StartupViewController.swift */ = {isa = PBXFileReference; fileEncoding = 4; lastKnownFileType = sourcecode.swift; path = StartupViewController.swift; sourceTree = "<group>"; };
		B96B31671C8718A6003CEAD3 /* ProductsCollectionViewController.swift */ = {isa = PBXFileReference; fileEncoding = 4; lastKnownFileType = sourcecode.swift; path = ProductsCollectionViewController.swift; sourceTree = "<group>"; };
		B96B31691C8718A6003CEAD3 /* Product.swift */ = {isa = PBXFileReference; fileEncoding = 4; lastKnownFileType = sourcecode.swift; path = Product.swift; sourceTree = "<group>"; };
		B96B316A1C8718A6003CEAD3 /* ProductType.swift */ = {isa = PBXFileReference; fileEncoding = 4; lastKnownFileType = sourcecode.swift; path = ProductType.swift; sourceTree = "<group>"; };
		B96B316C1C8718A6003CEAD3 /* ProductsCollectionView.swift */ = {isa = PBXFileReference; fileEncoding = 4; lastKnownFileType = sourcecode.swift; path = ProductsCollectionView.swift; sourceTree = "<group>"; };
		B96B316E1C8718A6003CEAD3 /* FavoritedProductCell.xib */ = {isa = PBXFileReference; fileEncoding = 4; lastKnownFileType = file.xib; path = FavoritedProductCell.xib; sourceTree = "<group>"; };
		B96B316F1C8718A6003CEAD3 /* FeedProductCell.xib */ = {isa = PBXFileReference; fileEncoding = 4; lastKnownFileType = file.xib; path = FeedProductCell.xib; sourceTree = "<group>"; };
		B96B31701C8718A6003CEAD3 /* ProductCollectionViewCell.swift */ = {isa = PBXFileReference; fileEncoding = 4; lastKnownFileType = sourcecode.swift; path = ProductCollectionViewCell.swift; sourceTree = "<group>"; };
		B96B31961C8730C4003CEAD3 /* ProductRouter.swift */ = {isa = PBXFileReference; fileEncoding = 4; lastKnownFileType = sourcecode.swift; path = ProductRouter.swift; sourceTree = "<group>"; };
		B9D3D8A61C8B239E008BCBB8 /* Ext-String.swift */ = {isa = PBXFileReference; fileEncoding = 4; lastKnownFileType = sourcecode.swift; path = "Ext-String.swift"; sourceTree = "<group>"; };
		B9DECC201C884701002C79EF /* Serializer.swift */ = {isa = PBXFileReference; fileEncoding = 4; lastKnownFileType = sourcecode.swift; path = Serializer.swift; sourceTree = "<group>"; };
		B9DECC221C88A111002C79EF /* Error.swift */ = {isa = PBXFileReference; fileEncoding = 4; lastKnownFileType = sourcecode.swift; path = Error.swift; sourceTree = "<group>"; };
		B9DECC241C88FDE0002C79EF /* ProductTypesViewController.swift */ = {isa = PBXFileReference; fileEncoding = 4; lastKnownFileType = sourcecode.swift; path = ProductTypesViewController.swift; sourceTree = "<group>"; };
		B9DECC261C88FE04002C79EF /* BaseTableViewCell.swift */ = {isa = PBXFileReference; fileEncoding = 4; lastKnownFileType = sourcecode.swift; path = BaseTableViewCell.swift; sourceTree = "<group>"; };
		B9DECC281C88FE2A002C79EF /* ProductTypeTableViewCell.swift */ = {isa = PBXFileReference; fileEncoding = 4; lastKnownFileType = sourcecode.swift; path = ProductTypeTableViewCell.swift; sourceTree = "<group>"; };
		B9DECC2A1C88FE90002C79EF /* BaseCollectionViewCell.swift */ = {isa = PBXFileReference; fileEncoding = 4; lastKnownFileType = sourcecode.swift; path = BaseCollectionViewCell.swift; sourceTree = "<group>"; };
		B9DECC2C1C89EC6A002C79EF /* SouqTask-Bridging-Header.h */ = {isa = PBXFileReference; lastKnownFileType = sourcecode.c.h; path = "SouqTask-Bridging-Header.h"; sourceTree = "<group>"; };
		B9DECC2D1C89EEDC002C79EF /* Ext-DefaultsKeys.swift */ = {isa = PBXFileReference; fileEncoding = 4; lastKnownFileType = sourcecode.swift; path = "Ext-DefaultsKeys.swift"; sourceTree = "<group>"; };
/* End PBXFileReference section */

/* Begin PBXFrameworksBuildPhase section */
		B9125DB91C7A593D0058E1D7 /* Frameworks */ = {
			isa = PBXFrameworksBuildPhase;
			buildActionMask = 2147483647;
			files = (
				9EFD125682F5605CAF3AB6DC /* Pods_SouqTask.framework in Frameworks */,
			);
			runOnlyForDeploymentPostprocessing = 0;
		};
		B9125DCF1C7A593D0058E1D7 /* Frameworks */ = {
			isa = PBXFrameworksBuildPhase;
			buildActionMask = 2147483647;
			files = (
			);
			runOnlyForDeploymentPostprocessing = 0;
		};
		B9125DDA1C7A593D0058E1D7 /* Frameworks */ = {
			isa = PBXFrameworksBuildPhase;
			buildActionMask = 2147483647;
			files = (
			);
			runOnlyForDeploymentPostprocessing = 0;
		};
/* End PBXFrameworksBuildPhase section */

/* Begin PBXGroup section */
		24F6EC1B4D7095BB378F7EC6 /* Pods */ = {
			isa = PBXGroup;
			children = (
				1DD4371FDE3AE8702D73EEA7 /* Pods-SouqTask.debug.xcconfig */,
				5225D140D04ABDD94B2B6C8A /* Pods-SouqTask.release.xcconfig */,
			);
			name = Pods;
			sourceTree = "<group>";
		};
		40B85BCA4FE6253362524886 /* Frameworks */ = {
			isa = PBXGroup;
			children = (
				5492F66B4CB988F711E4339D /* Pods_SouqTask.framework */,
			);
			name = Frameworks;
			sourceTree = "<group>";
		};
		B9125DB31C7A593D0058E1D7 = {
			isa = PBXGroup;
			children = (
				B9125DBE1C7A593D0058E1D7 /* SouqTask */,
				B9125DD51C7A593D0058E1D7 /* SouqTaskTests */,
				B9125DE01C7A593D0058E1D7 /* SouqTaskUITests */,
				B9125DBD1C7A593D0058E1D7 /* Products */,
				24F6EC1B4D7095BB378F7EC6 /* Pods */,
				40B85BCA4FE6253362524886 /* Frameworks */,
			);
			sourceTree = "<group>";
		};
		B9125DBD1C7A593D0058E1D7 /* Products */ = {
			isa = PBXGroup;
			children = (
				B9125DBC1C7A593D0058E1D7 /* SouqTask.app */,
				B9125DD21C7A593D0058E1D7 /* SouqTaskTests.xctest */,
				B9125DDD1C7A593D0058E1D7 /* SouqTaskUITests.xctest */,
			);
			name = Products;
			sourceTree = "<group>";
		};
		B9125DBE1C7A593D0058E1D7 /* SouqTask */ = {
			isa = PBXGroup;
			children = (
				B9125DEF1C7A5D360058E1D7 /* Application */,
				B96B313B1C8718A6003CEAD3 /* Modules */,
				B9125DFC1C7A5D360058E1D7 /* Vendors */,
			);
			path = SouqTask;
			sourceTree = "<group>";
		};
		B9125DD51C7A593D0058E1D7 /* SouqTaskTests */ = {
			isa = PBXGroup;
			children = (
				B9125DD61C7A593D0058E1D7 /* SouqTaskTests.swift */,
				B9125DD81C7A593D0058E1D7 /* Info.plist */,
			);
			path = SouqTaskTests;
			sourceTree = "<group>";
		};
		B9125DE01C7A593D0058E1D7 /* SouqTaskUITests */ = {
			isa = PBXGroup;
			children = (
				B9125DE11C7A593D0058E1D7 /* SouqTaskUITests.swift */,
				B9125DE31C7A593D0058E1D7 /* Info.plist */,
			);
			path = SouqTaskUITests;
			sourceTree = "<group>";
		};
		B9125DEF1C7A5D360058E1D7 /* Application */ = {
			isa = PBXGroup;
			children = (
				B9125DF01C7A5D360058E1D7 /* AppDelegate.swift */,
				B9DECC2C1C89EC6A002C79EF /* SouqTask-Bridging-Header.h */,
				B9125DF11C7A5D360058E1D7 /* Info.plist */,
			);
			path = Application;
			sourceTree = "<group>";
		};
		B9125DFC1C7A5D360058E1D7 /* Vendors */ = {
			isa = PBXGroup;
			children = (
			);
			path = Vendors;
			sourceTree = "<group>";
		};
		B96B313B1C8718A6003CEAD3 /* Modules */ = {
			isa = PBXGroup;
			children = (
				B96B31561C8718A6003CEAD3 /* Main.storyboard */,
				B96B31431C8718A6003CEAD3 /* Common */,
				B96B31601C8718A6003CEAD3 /* Launch */,
				B96B313C1C8718A6003CEAD3 /* Auth */,
				B96B31651C8718A6003CEAD3 /* Products */,
				B96B315B1C8718A6003CEAD3 /* Favorites */,
			);
			path = Modules;
			sourceTree = "<group>";
		};
		B96B313C1C8718A6003CEAD3 /* Auth */ = {
			isa = PBXGroup;
			children = (
				B96B31411C8718A6003CEAD3 /* Models */,
				B96B31421C8718A6003CEAD3 /* Views */,
				B96B313D1C8718A6003CEAD3 /* Controllers */,
				B96B31931C8719C9003CEAD3 /* Others */,
			);
			path = Auth;
			sourceTree = "<group>";
		};
		B96B313D1C8718A6003CEAD3 /* Controllers */ = {
			isa = PBXGroup;
			children = (
				B96B313E1C8718A6003CEAD3 /* LoginTableViewController.swift */,
			);
			path = Controllers;
			sourceTree = "<group>";
		};
		B96B313F1C8718A6003CEAD3 /* Helpers */ = {
			isa = PBXGroup;
			children = (
				B96B31401C8718A6003CEAD3 /* Authenticator.swift */,
			);
			path = Helpers;
			sourceTree = "<group>";
		};
		B96B31411C8718A6003CEAD3 /* Models */ = {
			isa = PBXGroup;
			children = (
			);
			path = Models;
			sourceTree = "<group>";
		};
		B96B31421C8718A6003CEAD3 /* Views */ = {
			isa = PBXGroup;
			children = (
			);
			path = Views;
			sourceTree = "<group>";
		};
		B96B31431C8718A6003CEAD3 /* Common */ = {
			isa = PBXGroup;
			children = (
				B96B31501C8718A6003CEAD3 /* Models */,
				B96B315A1C8718A6003CEAD3 /* Views */,
				B96B31441C8718A6003CEAD3 /* Controllers */,
				B96B31911C8719BD003CEAD3 /* Others */,
			);
			path = Common;
			sourceTree = "<group>";
		};
		B96B31441C8718A6003CEAD3 /* Controllers */ = {
			isa = PBXGroup;
			children = (
				B96B31471C8718A6003CEAD3 /* BaseViewController.swift */,
				B96B31461C8718A6003CEAD3 /* BaseTableViewController.swift */,
				B96B31451C8718A6003CEAD3 /* BaseCollectionViewController.swift */,
			);
			path = Controllers;
			sourceTree = "<group>";
		};
		B96B31481C8718A6003CEAD3 /* Helpers */ = {
			isa = PBXGroup;
			children = (
				B96B314A1C8718A6003CEAD3 /* Constants.swift */,
				B96B31491C8718A6003CEAD3 /* Assets.swift */,
				B96B314D1C8718A6003CEAD3 /* Networker.swift */,
				B96B314E1C8718A6003CEAD3 /* Router.swift */,
				B9DECC201C884701002C79EF /* Serializer.swift */,
				B9DECC221C88A111002C79EF /* Error.swift */,
				B96B314F1C8718A6003CEAD3 /* Utility.swift */,
				B96B314C1C8718A6003CEAD3 /* Extensions.swift */,
				B96B314B1C8718A6003CEAD3 /* Extensions */,
			);
			path = Helpers;
			sourceTree = "<group>";
		};
		B96B314B1C8718A6003CEAD3 /* Extensions */ = {
			isa = PBXGroup;
			children = (
				B9DECC2D1C89EEDC002C79EF /* Ext-DefaultsKeys.swift */,
				B9D3D8A61C8B239E008BCBB8 /* Ext-String.swift */,
			);
			path = Extensions;
			sourceTree = "<group>";
		};
		B96B31501C8718A6003CEAD3 /* Models */ = {
			isa = PBXGroup;
			children = (
				B96B31521C8718A6003CEAD3 /* Root.swift */,
				B96B31511C8718A6003CEAD3 /* Price.swift */,
			);
			path = Models;
			sourceTree = "<group>";
		};
		B96B31531C8718A6003CEAD3 /* Resources */ = {
			isa = PBXGroup;
			children = (
				B96B31581C8718A6003CEAD3 /* Images */,
			);
			path = Resources;
			sourceTree = "<group>";
		};
		B96B31581C8718A6003CEAD3 /* Images */ = {
			isa = PBXGroup;
			children = (
				B96B31591C8718A6003CEAD3 /* Assets.xcassets */,
			);
			path = Images;
			sourceTree = "<group>";
		};
		B96B315A1C8718A6003CEAD3 /* Views */ = {
			isa = PBXGroup;
			children = (
				B9DECC261C88FE04002C79EF /* BaseTableViewCell.swift */,
				B9DECC2A1C88FE90002C79EF /* BaseCollectionViewCell.swift */,
			);
			path = Views;
			sourceTree = "<group>";
		};
		B96B315B1C8718A6003CEAD3 /* Favorites */ = {
			isa = PBXGroup;
			children = (
				B96B315E1C8718A6003CEAD3 /* Models */,
				B96B315F1C8718A6003CEAD3 /* Views */,
				B96B315C1C8718A6003CEAD3 /* Controllers */,
				B96B31951C8719D2003CEAD3 /* Others */,
			);
			path = Favorites;
			sourceTree = "<group>";
		};
		B96B315C1C8718A6003CEAD3 /* Controllers */ = {
			isa = PBXGroup;
			children = (
				B96B315D1C8718A6003CEAD3 /* FavoritesCollectionViewController.swift */,
			);
			path = Controllers;
			sourceTree = "<group>";
		};
		B96B315E1C8718A6003CEAD3 /* Models */ = {
			isa = PBXGroup;
			children = (
			);
			path = Models;
			sourceTree = "<group>";
		};
		B96B315F1C8718A6003CEAD3 /* Views */ = {
			isa = PBXGroup;
			children = (
			);
			path = Views;
			sourceTree = "<group>";
		};
		B96B31601C8718A6003CEAD3 /* Launch */ = {
			isa = PBXGroup;
			children = (
				B96B31631C8718A6003CEAD3 /* Models */,
				B96B31641C8718A6003CEAD3 /* Views */,
				B96B31611C8718A6003CEAD3 /* Controllers */,
				B96B31921C8719C5003CEAD3 /* Others */,
			);
			path = Launch;
			sourceTree = "<group>";
		};
		B96B31611C8718A6003CEAD3 /* Controllers */ = {
			isa = PBXGroup;
			children = (
				B96B31621C8718A6003CEAD3 /* StartupViewController.swift */,
			);
			path = Controllers;
			sourceTree = "<group>";
		};
		B96B31631C8718A6003CEAD3 /* Models */ = {
			isa = PBXGroup;
			children = (
			);
			path = Models;
			sourceTree = "<group>";
		};
		B96B31641C8718A6003CEAD3 /* Views */ = {
			isa = PBXGroup;
			children = (
			);
			path = Views;
			sourceTree = "<group>";
		};
		B96B31651C8718A6003CEAD3 /* Products */ = {
			isa = PBXGroup;
			children = (
				B96B31681C8718A6003CEAD3 /* Models */,
				B96B316B1C8718A6003CEAD3 /* Views */,
				B96B31661C8718A6003CEAD3 /* Controllers */,
				B96B31941C8719CE003CEAD3 /* Others */,
			);
			path = Products;
			sourceTree = "<group>";
		};
		B96B31661C8718A6003CEAD3 /* Controllers */ = {
			isa = PBXGroup;
			children = (
				B96B31671C8718A6003CEAD3 /* ProductsCollectionViewController.swift */,
				B9DECC241C88FDE0002C79EF /* ProductTypesViewController.swift */,
			);
			path = Controllers;
			sourceTree = "<group>";
		};
		B96B31681C8718A6003CEAD3 /* Models */ = {
			isa = PBXGroup;
			children = (
				B96B31691C8718A6003CEAD3 /* Product.swift */,
				B96B316A1C8718A6003CEAD3 /* ProductType.swift */,
			);
			path = Models;
			sourceTree = "<group>";
		};
		B96B316B1C8718A6003CEAD3 /* Views */ = {
			isa = PBXGroup;
			children = (
				B96B316C1C8718A6003CEAD3 /* ProductsCollectionView.swift */,
				B96B316D1C8718A6003CEAD3 /* Reusable Cells */,
			);
			path = Views;
			sourceTree = "<group>";
		};
		B96B316D1C8718A6003CEAD3 /* Reusable Cells */ = {
			isa = PBXGroup;
			children = (
				B96B31701C8718A6003CEAD3 /* ProductCollectionViewCell.swift */,
				B96B316E1C8718A6003CEAD3 /* FavoritedProductCell.xib */,
				B96B316F1C8718A6003CEAD3 /* FeedProductCell.xib */,
				B9DECC281C88FE2A002C79EF /* ProductTypeTableViewCell.swift */,
			);
			path = "Reusable Cells";
			sourceTree = "<group>";
		};
		B96B318A1C87195F003CEAD3 /* Resources */ = {
			isa = PBXGroup;
			children = (
			);
			path = Resources;
			sourceTree = "<group>";
		};
		B96B318B1C87197F003CEAD3 /* Helpers */ = {
			isa = PBXGroup;
			children = (
			);
			path = Helpers;
			sourceTree = "<group>";
		};
		B96B318C1C87197F003CEAD3 /* Resources */ = {
			isa = PBXGroup;
			children = (
				B96B31541C8718A6003CEAD3 /* LaunchScreen.storyboard */,
			);
			path = Resources;
			sourceTree = "<group>";
		};
		B96B318D1C87199B003CEAD3 /* Helpers */ = {
			isa = PBXGroup;
			children = (
				B96B31961C8730C4003CEAD3 /* ProductRouter.swift */,
			);
			name = Helpers;
			path = SouqTask/Modules/Favorites/Helpers;
			sourceTree = SOURCE_ROOT;
		};
		B96B318E1C87199B003CEAD3 /* Resources */ = {
			isa = PBXGroup;
			children = (
			);
			name = Resources;
			path = SouqTask/Modules/Favorites/Resources;
			sourceTree = SOURCE_ROOT;
		};
		B96B318F1C8719B5003CEAD3 /* Helpers */ = {
			isa = PBXGroup;
			children = (
			);
			name = Helpers;
			path = SouqTask/Modules/Products/Helpers;
			sourceTree = SOURCE_ROOT;
		};
		B96B31901C8719B5003CEAD3 /* Resources */ = {
			isa = PBXGroup;
			children = (
			);
			name = Resources;
			path = SouqTask/Modules/Products/Resources;
			sourceTree = SOURCE_ROOT;
		};
		B96B31911C8719BD003CEAD3 /* Others */ = {
			isa = PBXGroup;
			children = (
				B96B31481C8718A6003CEAD3 /* Helpers */,
				B96B31531C8718A6003CEAD3 /* Resources */,
			);
			name = Others;
			sourceTree = "<group>";
		};
		B96B31921C8719C5003CEAD3 /* Others */ = {
			isa = PBXGroup;
			children = (
				B96B318B1C87197F003CEAD3 /* Helpers */,
				B96B318C1C87197F003CEAD3 /* Resources */,
			);
			name = Others;
			sourceTree = "<group>";
		};
		B96B31931C8719C9003CEAD3 /* Others */ = {
			isa = PBXGroup;
			children = (
				B96B313F1C8718A6003CEAD3 /* Helpers */,
				B96B318A1C87195F003CEAD3 /* Resources */,
			);
			name = Others;
			sourceTree = "<group>";
		};
		B96B31941C8719CE003CEAD3 /* Others */ = {
			isa = PBXGroup;
			children = (
				B96B318D1C87199B003CEAD3 /* Helpers */,
				B96B318E1C87199B003CEAD3 /* Resources */,
			);
			name = Others;
			sourceTree = "<group>";
		};
		B96B31951C8719D2003CEAD3 /* Others */ = {
			isa = PBXGroup;
			children = (
				B96B318F1C8719B5003CEAD3 /* Helpers */,
				B96B31901C8719B5003CEAD3 /* Resources */,
			);
			name = Others;
			sourceTree = "<group>";
		};
/* End PBXGroup section */

/* Begin PBXNativeTarget section */
		B9125DBB1C7A593D0058E1D7 /* SouqTask */ = {
			isa = PBXNativeTarget;
			buildConfigurationList = B9125DE61C7A593D0058E1D7 /* Build configuration list for PBXNativeTarget "SouqTask" */;
			buildPhases = (
				FD20E5BE39992CD3FD635233 /* Check Pods Manifest.lock */,
				B9125DB81C7A593D0058E1D7 /* Sources */,
				B9125DB91C7A593D0058E1D7 /* Frameworks */,
				B9125DBA1C7A593D0058E1D7 /* Resources */,
				AC865719836A53940A3B6AEA /* Embed Pods Frameworks */,
				7D168905ADB1DB7F19DD4DE9 /* Copy Pods Resources */,
			);
			buildRules = (
			);
			dependencies = (
			);
			name = SouqTask;
			productName = SouqTask;
			productReference = B9125DBC1C7A593D0058E1D7 /* SouqTask.app */;
			productType = "com.apple.product-type.application";
		};
		B9125DD11C7A593D0058E1D7 /* SouqTaskTests */ = {
			isa = PBXNativeTarget;
			buildConfigurationList = B9125DE91C7A593D0058E1D7 /* Build configuration list for PBXNativeTarget "SouqTaskTests" */;
			buildPhases = (
				B9125DCE1C7A593D0058E1D7 /* Sources */,
				B9125DCF1C7A593D0058E1D7 /* Frameworks */,
				B9125DD01C7A593D0058E1D7 /* Resources */,
			);
			buildRules = (
			);
			dependencies = (
				B9125DD41C7A593D0058E1D7 /* PBXTargetDependency */,
			);
			name = SouqTaskTests;
			productName = SouqTaskTests;
			productReference = B9125DD21C7A593D0058E1D7 /* SouqTaskTests.xctest */;
			productType = "com.apple.product-type.bundle.unit-test";
		};
		B9125DDC1C7A593D0058E1D7 /* SouqTaskUITests */ = {
			isa = PBXNativeTarget;
			buildConfigurationList = B9125DEC1C7A593D0058E1D7 /* Build configuration list for PBXNativeTarget "SouqTaskUITests" */;
			buildPhases = (
				B9125DD91C7A593D0058E1D7 /* Sources */,
				B9125DDA1C7A593D0058E1D7 /* Frameworks */,
				B9125DDB1C7A593D0058E1D7 /* Resources */,
			);
			buildRules = (
			);
			dependencies = (
				B9125DDF1C7A593D0058E1D7 /* PBXTargetDependency */,
			);
			name = SouqTaskUITests;
			productName = SouqTaskUITests;
			productReference = B9125DDD1C7A593D0058E1D7 /* SouqTaskUITests.xctest */;
			productType = "com.apple.product-type.bundle.ui-testing";
		};
/* End PBXNativeTarget section */

/* Begin PBXProject section */
		B9125DB41C7A593D0058E1D7 /* Project object */ = {
			isa = PBXProject;
			attributes = {
				LastSwiftUpdateCheck = 0720;
				LastUpgradeCheck = 0720;
				ORGANIZATIONNAME = Mamouneyya;
				TargetAttributes = {
					B9125DBB1C7A593D0058E1D7 = {
						CreatedOnToolsVersion = 7.2.1;
					};
					B9125DD11C7A593D0058E1D7 = {
						CreatedOnToolsVersion = 7.2.1;
						TestTargetID = B9125DBB1C7A593D0058E1D7;
					};
					B9125DDC1C7A593D0058E1D7 = {
						CreatedOnToolsVersion = 7.2.1;
						TestTargetID = B9125DBB1C7A593D0058E1D7;
					};
				};
			};
			buildConfigurationList = B9125DB71C7A593D0058E1D7 /* Build configuration list for PBXProject "SouqTask" */;
			compatibilityVersion = "Xcode 3.2";
			developmentRegion = English;
			hasScannedForEncodings = 0;
			knownRegions = (
				en,
				Base,
			);
			mainGroup = B9125DB31C7A593D0058E1D7;
			productRefGroup = B9125DBD1C7A593D0058E1D7 /* Products */;
			projectDirPath = "";
			projectRoot = "";
			targets = (
				B9125DBB1C7A593D0058E1D7 /* SouqTask */,
				B9125DD11C7A593D0058E1D7 /* SouqTaskTests */,
				B9125DDC1C7A593D0058E1D7 /* SouqTaskUITests */,
			);
		};
/* End PBXProject section */

/* Begin PBXResourcesBuildPhase section */
		B9125DBA1C7A593D0058E1D7 /* Resources */ = {
			isa = PBXResourcesBuildPhase;
			buildActionMask = 2147483647;
			files = (
				B96B31871C8718A6003CEAD3 /* FavoritedProductCell.xib in Resources */,
				B96B317F1C8718A6003CEAD3 /* Main.storyboard in Resources */,
				B96B31801C8718A6003CEAD3 /* Assets.xcassets in Resources */,
				B96B317E1C8718A6003CEAD3 /* LaunchScreen.storyboard in Resources */,
				B96B31881C8718A6003CEAD3 /* FeedProductCell.xib in Resources */,
			);
			runOnlyForDeploymentPostprocessing = 0;
		};
		B9125DD01C7A593D0058E1D7 /* Resources */ = {
			isa = PBXResourcesBuildPhase;
			buildActionMask = 2147483647;
			files = (
			);
			runOnlyForDeploymentPostprocessing = 0;
		};
		B9125DDB1C7A593D0058E1D7 /* Resources */ = {
			isa = PBXResourcesBuildPhase;
			buildActionMask = 2147483647;
			files = (
			);
			runOnlyForDeploymentPostprocessing = 0;
		};
/* End PBXResourcesBuildPhase section */

/* Begin PBXShellScriptBuildPhase section */
		7D168905ADB1DB7F19DD4DE9 /* Copy Pods Resources */ = {
			isa = PBXShellScriptBuildPhase;
			buildActionMask = 2147483647;
			files = (
			);
			inputPaths = (
			);
			name = "Copy Pods Resources";
			outputPaths = (
			);
			runOnlyForDeploymentPostprocessing = 0;
			shellPath = /bin/sh;
			shellScript = "\"${SRCROOT}/Pods/Target Support Files/Pods-SouqTask/Pods-SouqTask-resources.sh\"\n";
			showEnvVarsInLog = 0;
		};
		AC865719836A53940A3B6AEA /* Embed Pods Frameworks */ = {
			isa = PBXShellScriptBuildPhase;
			buildActionMask = 2147483647;
			files = (
			);
			inputPaths = (
			);
			name = "Embed Pods Frameworks";
			outputPaths = (
			);
			runOnlyForDeploymentPostprocessing = 0;
			shellPath = /bin/sh;
			shellScript = "\"${SRCROOT}/Pods/Target Support Files/Pods-SouqTask/Pods-SouqTask-frameworks.sh\"\n";
			showEnvVarsInLog = 0;
		};
		FD20E5BE39992CD3FD635233 /* Check Pods Manifest.lock */ = {
			isa = PBXShellScriptBuildPhase;
			buildActionMask = 2147483647;
			files = (
			);
			inputPaths = (
			);
			name = "Check Pods Manifest.lock";
			outputPaths = (
			);
			runOnlyForDeploymentPostprocessing = 0;
			shellPath = /bin/sh;
			shellScript = "diff \"${PODS_ROOT}/../Podfile.lock\" \"${PODS_ROOT}/Manifest.lock\" > /dev/null\nif [[ $? != 0 ]] ; then\n    cat << EOM\nerror: The sandbox is not in sync with the Podfile.lock. Run 'pod install' or update your CocoaPods installation.\nEOM\n    exit 1\nfi\n";
			showEnvVarsInLog = 0;
		};
/* End PBXShellScriptBuildPhase section */

/* Begin PBXSourcesBuildPhase section */
		B9125DB81C7A593D0058E1D7 /* Sources */ = {
			isa = PBXSourcesBuildPhase;
			buildActionMask = 2147483647;
			files = (
				B96B317A1C8718A6003CEAD3 /* Router.swift in Sources */,
				B9DECC2B1C88FE90002C79EF /* BaseCollectionViewCell.swift in Sources */,
				B9DECC211C884701002C79EF /* Serializer.swift in Sources */,
				B9125DFE1C7A5D360058E1D7 /* AppDelegate.swift in Sources */,
				B96B31781C8718A6003CEAD3 /* Extensions.swift in Sources */,
				B9DECC291C88FE2A002C79EF /* ProductTypeTableViewCell.swift in Sources */,
				B96B31761C8718A6003CEAD3 /* Assets.swift in Sources */,
				B96B31811C8718A6003CEAD3 /* FavoritesCollectionViewController.swift in Sources */,
				B96B31711C8718A6003CEAD3 /* LoginTableViewController.swift in Sources */,
				B96B31741C8718A6003CEAD3 /* BaseTableViewController.swift in Sources */,
				B96B31791C8718A6003CEAD3 /* Networker.swift in Sources */,
				B9DECC251C88FDE0002C79EF /* ProductTypesViewController.swift in Sources */,
				B96B31851C8718A6003CEAD3 /* ProductType.swift in Sources */,
				B96B31821C8718A6003CEAD3 /* StartupViewController.swift in Sources */,
				B96B31721C8718A6003CEAD3 /* Authenticator.swift in Sources */,
				B96B317C1C8718A6003CEAD3 /* Price.swift in Sources */,
				B9DECC2E1C89EEDC002C79EF /* Ext-DefaultsKeys.swift in Sources */,
				B96B31841C8718A6003CEAD3 /* Product.swift in Sources */,
				B96B317D1C8718A6003CEAD3 /* Root.swift in Sources */,
				B96B31861C8718A6003CEAD3 /* ProductsCollectionView.swift in Sources */,
				B9DECC231C88A111002C79EF /* Error.swift in Sources */,
				B96B317B1C8718A6003CEAD3 /* Utility.swift in Sources */,
				B96B31891C8718A6003CEAD3 /* ProductCollectionViewCell.swift in Sources */,
				B96B31731C8718A6003CEAD3 /* BaseCollectionViewController.swift in Sources */,
				B96B31971C8730C4003CEAD3 /* ProductRouter.swift in Sources */,
				B96B31751C8718A6003CEAD3 /* BaseViewController.swift in Sources */,
				B9D3D8A71C8B239E008BCBB8 /* Ext-String.swift in Sources */,
				B96B31771C8718A6003CEAD3 /* Constants.swift in Sources */,
				B9DECC271C88FE04002C79EF /* BaseTableViewCell.swift in Sources */,
				B96B31831C8718A6003CEAD3 /* ProductsCollectionViewController.swift in Sources */,
			);
			runOnlyForDeploymentPostprocessing = 0;
		};
		B9125DCE1C7A593D0058E1D7 /* Sources */ = {
			isa = PBXSourcesBuildPhase;
			buildActionMask = 2147483647;
			files = (
				B9125DD71C7A593D0058E1D7 /* SouqTaskTests.swift in Sources */,
			);
			runOnlyForDeploymentPostprocessing = 0;
		};
		B9125DD91C7A593D0058E1D7 /* Sources */ = {
			isa = PBXSourcesBuildPhase;
			buildActionMask = 2147483647;
			files = (
				B9125DE21C7A593D0058E1D7 /* SouqTaskUITests.swift in Sources */,
			);
			runOnlyForDeploymentPostprocessing = 0;
		};
/* End PBXSourcesBuildPhase section */

/* Begin PBXTargetDependency section */
		B9125DD41C7A593D0058E1D7 /* PBXTargetDependency */ = {
			isa = PBXTargetDependency;
			target = B9125DBB1C7A593D0058E1D7 /* SouqTask */;
			targetProxy = B9125DD31C7A593D0058E1D7 /* PBXContainerItemProxy */;
		};
		B9125DDF1C7A593D0058E1D7 /* PBXTargetDependency */ = {
			isa = PBXTargetDependency;
			target = B9125DBB1C7A593D0058E1D7 /* SouqTask */;
			targetProxy = B9125DDE1C7A593D0058E1D7 /* PBXContainerItemProxy */;
		};
/* End PBXTargetDependency section */

/* Begin PBXVariantGroup section */
		B96B31541C8718A6003CEAD3 /* LaunchScreen.storyboard */ = {
			isa = PBXVariantGroup;
			children = (
				B96B31551C8718A6003CEAD3 /* Base */,
			);
			name = LaunchScreen.storyboard;
			path = ../../Common/Resources;
			sourceTree = "<group>";
		};
		B96B31561C8718A6003CEAD3 /* Main.storyboard */ = {
			isa = PBXVariantGroup;
			children = (
				B96B31571C8718A6003CEAD3 /* Base */,
			);
			name = Main.storyboard;
			path = Common/Resources;
			sourceTree = "<group>";
		};
/* End PBXVariantGroup section */

/* Begin XCBuildConfiguration section */
		B9125DE41C7A593D0058E1D7 /* Debug */ = {
			isa = XCBuildConfiguration;
			buildSettings = {
				ALWAYS_SEARCH_USER_PATHS = NO;
				CLANG_CXX_LANGUAGE_STANDARD = "gnu++0x";
				CLANG_CXX_LIBRARY = "libc++";
				CLANG_ENABLE_MODULES = YES;
				CLANG_ENABLE_OBJC_ARC = YES;
				CLANG_WARN_BOOL_CONVERSION = YES;
				CLANG_WARN_CONSTANT_CONVERSION = YES;
				CLANG_WARN_DIRECT_OBJC_ISA_USAGE = YES_ERROR;
				CLANG_WARN_EMPTY_BODY = YES;
				CLANG_WARN_ENUM_CONVERSION = YES;
				CLANG_WARN_INT_CONVERSION = YES;
				CLANG_WARN_OBJC_ROOT_CLASS = YES_ERROR;
				CLANG_WARN_UNREACHABLE_CODE = YES;
				CLANG_WARN__DUPLICATE_METHOD_MATCH = YES;
				"CODE_SIGN_IDENTITY[sdk=iphoneos*]" = "iPhone Developer";
				COPY_PHASE_STRIP = NO;
				DEBUG_INFORMATION_FORMAT = dwarf;
				ENABLE_STRICT_OBJC_MSGSEND = YES;
				ENABLE_TESTABILITY = YES;
				GCC_C_LANGUAGE_STANDARD = gnu99;
				GCC_DYNAMIC_NO_PIC = NO;
				GCC_NO_COMMON_BLOCKS = YES;
				GCC_OPTIMIZATION_LEVEL = 0;
				GCC_PREPROCESSOR_DEFINITIONS = (
					"DEBUG=1",
					"$(inherited)",
				);
				GCC_WARN_64_TO_32_BIT_CONVERSION = YES;
				GCC_WARN_ABOUT_RETURN_TYPE = YES_ERROR;
				GCC_WARN_UNDECLARED_SELECTOR = YES;
				GCC_WARN_UNINITIALIZED_AUTOS = YES_AGGRESSIVE;
				GCC_WARN_UNUSED_FUNCTION = YES;
				GCC_WARN_UNUSED_VARIABLE = YES;
				IPHONEOS_DEPLOYMENT_TARGET = 8.0;
				MTL_ENABLE_DEBUG_INFO = YES;
				ONLY_ACTIVE_ARCH = YES;
				SDKROOT = iphoneos;
				SWIFT_OPTIMIZATION_LEVEL = "-Onone";
				TARGETED_DEVICE_FAMILY = "1,2";
			};
			name = Debug;
		};
		B9125DE51C7A593D0058E1D7 /* Release */ = {
			isa = XCBuildConfiguration;
			buildSettings = {
				ALWAYS_SEARCH_USER_PATHS = NO;
				CLANG_CXX_LANGUAGE_STANDARD = "gnu++0x";
				CLANG_CXX_LIBRARY = "libc++";
				CLANG_ENABLE_MODULES = YES;
				CLANG_ENABLE_OBJC_ARC = YES;
				CLANG_WARN_BOOL_CONVERSION = YES;
				CLANG_WARN_CONSTANT_CONVERSION = YES;
				CLANG_WARN_DIRECT_OBJC_ISA_USAGE = YES_ERROR;
				CLANG_WARN_EMPTY_BODY = YES;
				CLANG_WARN_ENUM_CONVERSION = YES;
				CLANG_WARN_INT_CONVERSION = YES;
				CLANG_WARN_OBJC_ROOT_CLASS = YES_ERROR;
				CLANG_WARN_UNREACHABLE_CODE = YES;
				CLANG_WARN__DUPLICATE_METHOD_MATCH = YES;
				"CODE_SIGN_IDENTITY[sdk=iphoneos*]" = "iPhone Developer";
				COPY_PHASE_STRIP = NO;
				DEBUG_INFORMATION_FORMAT = "dwarf-with-dsym";
				ENABLE_NS_ASSERTIONS = NO;
				ENABLE_STRICT_OBJC_MSGSEND = YES;
				GCC_C_LANGUAGE_STANDARD = gnu99;
				GCC_NO_COMMON_BLOCKS = YES;
				GCC_WARN_64_TO_32_BIT_CONVERSION = YES;
				GCC_WARN_ABOUT_RETURN_TYPE = YES_ERROR;
				GCC_WARN_UNDECLARED_SELECTOR = YES;
				GCC_WARN_UNINITIALIZED_AUTOS = YES_AGGRESSIVE;
				GCC_WARN_UNUSED_FUNCTION = YES;
				GCC_WARN_UNUSED_VARIABLE = YES;
				IPHONEOS_DEPLOYMENT_TARGET = 8.0;
				MTL_ENABLE_DEBUG_INFO = NO;
				SDKROOT = iphoneos;
				TARGETED_DEVICE_FAMILY = "1,2";
				VALIDATE_PRODUCT = YES;
			};
			name = Release;
		};
		B9125DE71C7A593D0058E1D7 /* Debug */ = {
			isa = XCBuildConfiguration;
			baseConfigurationReference = 1DD4371FDE3AE8702D73EEA7 /* Pods-SouqTask.debug.xcconfig */;
			buildSettings = {
				ASSETCATALOG_COMPILER_APPICON_NAME = AppIcon;
				INFOPLIST_FILE = "$(SRCROOT)/SouqTask/Application/Info.plist";
				IPHONEOS_DEPLOYMENT_TARGET = 8.0;
				LD_RUNPATH_SEARCH_PATHS = "$(inherited) @executable_path/Frameworks";
				"OTHER_SWIFT_FLAGS[arch=*]" = "$(inherited) \"-D\" \"DEBUG\"";
				PRODUCT_BUNDLE_IDENTIFIER = com.mamouneyya.SouqTask;
				PRODUCT_NAME = "$(TARGET_NAME)";
				SWIFT_OBJC_BRIDGING_HEADER = "SouqTask/Application/SouqTask-Bridging-Header.h";
			};
			name = Debug;
		};
		B9125DE81C7A593D0058E1D7 /* Release */ = {
			isa = XCBuildConfiguration;
			baseConfigurationReference = 5225D140D04ABDD94B2B6C8A /* Pods-SouqTask.release.xcconfig */;
			buildSettings = {
				ASSETCATALOG_COMPILER_APPICON_NAME = AppIcon;
				INFOPLIST_FILE = "$(SRCROOT)/SouqTask/Application/Info.plist";
				IPHONEOS_DEPLOYMENT_TARGET = 8.0;
				LD_RUNPATH_SEARCH_PATHS = "$(inherited) @executable_path/Frameworks";
				PRODUCT_BUNDLE_IDENTIFIER = com.mamouneyya.SouqTask;
				PRODUCT_NAME = "$(TARGET_NAME)";
				SWIFT_OBJC_BRIDGING_HEADER = "SouqTask/Application/SouqTask-Bridging-Header.h";
			};
			name = Release;
		};
		B9125DEA1C7A593D0058E1D7 /* Debug */ = {
			isa = XCBuildConfiguration;
			buildSettings = {
				BUNDLE_LOADER = "$(TEST_HOST)";
				INFOPLIST_FILE = SouqTaskTests/Info.plist;
				LD_RUNPATH_SEARCH_PATHS = "$(inherited) @executable_path/Frameworks @loader_path/Frameworks";
				PRODUCT_BUNDLE_IDENTIFIER = com.mamouneyya.SouqTaskTests;
				PRODUCT_NAME = "$(TARGET_NAME)";
				TEST_HOST = "$(BUILT_PRODUCTS_DIR)/SouqTask.app/SouqTask";
			};
			name = Debug;
		};
		B9125DEB1C7A593D0058E1D7 /* Release */ = {
			isa = XCBuildConfiguration;
			buildSettings = {
				BUNDLE_LOADER = "$(TEST_HOST)";
				INFOPLIST_FILE = SouqTaskTests/Info.plist;
				LD_RUNPATH_SEARCH_PATHS = "$(inherited) @executable_path/Frameworks @loader_path/Frameworks";
				PRODUCT_BUNDLE_IDENTIFIER = com.mamouneyya.SouqTaskTests;
				PRODUCT_NAME = "$(TARGET_NAME)";
				TEST_HOST = "$(BUILT_PRODUCTS_DIR)/SouqTask.app/SouqTask";
			};
			name = Release;
		};
		B9125DED1C7A593D0058E1D7 /* Debug */ = {
			isa = XCBuildConfiguration;
			buildSettings = {
				INFOPLIST_FILE = SouqTaskUITests/Info.plist;
				LD_RUNPATH_SEARCH_PATHS = "$(inherited) @executable_path/Frameworks @loader_path/Frameworks";
				PRODUCT_BUNDLE_IDENTIFIER = com.mamouneyya.SouqTaskUITests;
				PRODUCT_NAME = "$(TARGET_NAME)";
				TEST_TARGET_NAME = SouqTask;
				USES_XCTRUNNER = YES;
			};
			name = Debug;
		};
		B9125DEE1C7A593D0058E1D7 /* Release */ = {
			isa = XCBuildConfiguration;
			buildSettings = {
				INFOPLIST_FILE = SouqTaskUITests/Info.plist;
				LD_RUNPATH_SEARCH_PATHS = "$(inherited) @executable_path/Frameworks @loader_path/Frameworks";
				PRODUCT_BUNDLE_IDENTIFIER = com.mamouneyya.SouqTaskUITests;
				PRODUCT_NAME = "$(TARGET_NAME)";
				TEST_TARGET_NAME = SouqTask;
				USES_XCTRUNNER = YES;
			};
			name = Release;
		};
/* End XCBuildConfiguration section */

/* Begin XCConfigurationList section */
		B9125DB71C7A593D0058E1D7 /* Build configuration list for PBXProject "SouqTask" */ = {
			isa = XCConfigurationList;
			buildConfigurations = (
				B9125DE41C7A593D0058E1D7 /* Debug */,
				B9125DE51C7A593D0058E1D7 /* Release */,
			);
			defaultConfigurationIsVisible = 0;
			defaultConfigurationName = Release;
		};
		B9125DE61C7A593D0058E1D7 /* Build configuration list for PBXNativeTarget "SouqTask" */ = {
			isa = XCConfigurationList;
			buildConfigurations = (
				B9125DE71C7A593D0058E1D7 /* Debug */,
				B9125DE81C7A593D0058E1D7 /* Release */,
			);
			defaultConfigurationIsVisible = 0;
			defaultConfigurationName = Release;
		};
		B9125DE91C7A593D0058E1D7 /* Build configuration list for PBXNativeTarget "SouqTaskTests" */ = {
			isa = XCConfigurationList;
			buildConfigurations = (
				B9125DEA1C7A593D0058E1D7 /* Debug */,
				B9125DEB1C7A593D0058E1D7 /* Release */,
			);
			defaultConfigurationIsVisible = 0;
			defaultConfigurationName = Release;
		};
		B9125DEC1C7A593D0058E1D7 /* Build configuration list for PBXNativeTarget "SouqTaskUITests" */ = {
			isa = XCConfigurationList;
			buildConfigurations = (
				B9125DED1C7A593D0058E1D7 /* Debug */,
				B9125DEE1C7A593D0058E1D7 /* Release */,
			);
			defaultConfigurationIsVisible = 0;
			defaultConfigurationName = Release;
		};
/* End XCConfigurationList section */
	};
	rootObject = B9125DB41C7A593D0058E1D7 /* Project object */;
}
