// !$*UTF8*$!
{
	archiveVersion = 1;
	classes = {
	};
	objectVersion = 46;
	objects = {

/* Begin PBXBuildFile section */
		B9125DD71C7A593D0058E1D7 /* SouqTaskTests.swift in Sources */ = {isa = PBXBuildFile; fileRef = B9125DD61C7A593D0058E1D7 /* SouqTaskTests.swift */; };
		B9125DE21C7A593D0058E1D7 /* SouqTaskUITests.swift in Sources */ = {isa = PBXBuildFile; fileRef = B9125DE11C7A593D0058E1D7 /* SouqTaskUITests.swift */; };
		B9125DFE1C7A5D360058E1D7 /* AppDelegate.swift in Sources */ = {isa = PBXBuildFile; fileRef = B9125DF01C7A5D360058E1D7 /* AppDelegate.swift */; };
		B9125E001C7A5D360058E1D7 /* LaunchScreen.storyboard in Resources */ = {isa = PBXBuildFile; fileRef = B9125DF61C7A5D360058E1D7 /* LaunchScreen.storyboard */; };
		B9125E011C7A5D360058E1D7 /* Main.storyboard in Resources */ = {isa = PBXBuildFile; fileRef = B9125DF81C7A5D360058E1D7 /* Main.storyboard */; };
		B9125E051C7A5D730058E1D7 /* BaseViewController.swift in Sources */ = {isa = PBXBuildFile; fileRef = B9125E041C7A5D730058E1D7 /* BaseViewController.swift */; };
		B9125E0A1C7A5E5A0058E1D7 /* BaseTableViewController.swift in Sources */ = {isa = PBXBuildFile; fileRef = B9125E091C7A5E5A0058E1D7 /* BaseTableViewController.swift */; };
		B9125E0C1C7A5E660058E1D7 /* BaseCollectionViewController.swift in Sources */ = {isa = PBXBuildFile; fileRef = B9125E0B1C7A5E660058E1D7 /* BaseCollectionViewController.swift */; };
		B9125E0E1C7A5F010058E1D7 /* ProductsCollectionViewController.swift in Sources */ = {isa = PBXBuildFile; fileRef = B9125E0D1C7A5F010058E1D7 /* ProductsCollectionViewController.swift */; };
		B9125E111C7A5F4E0058E1D7 /* FavoritesCollectionViewController.swift in Sources */ = {isa = PBXBuildFile; fileRef = B9125E101C7A5F4E0058E1D7 /* FavoritesCollectionViewController.swift */; };
		B9125E171C7A61B50058E1D7 /* Assets.xcassets in Resources */ = {isa = PBXBuildFile; fileRef = B9125E161C7A61B50058E1D7 /* Assets.xcassets */; };
		B9125E211C7BD0D80058E1D7 /* LoginTableViewController.swift in Sources */ = {isa = PBXBuildFile; fileRef = B9125E201C7BD0D80058E1D7 /* LoginTableViewController.swift */; };
/* End PBXBuildFile section */

/* Begin PBXContainerItemProxy section */
		B9125DD31C7A593D0058E1D7 /* PBXContainerItemProxy */ = {
			isa = PBXContainerItemProxy;
			containerPortal = B9125DB41C7A593D0058E1D7 /* Project object */;
			proxyType = 1;
			remoteGlobalIDString = B9125DBB1C7A593D0058E1D7;
			remoteInfo = SouqTask;
		};
		B9125DDE1C7A593D0058E1D7 /* PBXContainerItemProxy */ = {
			isa = PBXContainerItemProxy;
			containerPortal = B9125DB41C7A593D0058E1D7 /* Project object */;
			proxyType = 1;
			remoteGlobalIDString = B9125DBB1C7A593D0058E1D7;
			remoteInfo = SouqTask;
		};
/* End PBXContainerItemProxy section */

/* Begin PBXFileReference section */
		B9125DBC1C7A593D0058E1D7 /* SouqTask.app */ = {isa = PBXFileReference; explicitFileType = wrapper.application; includeInIndex = 0; path = SouqTask.app; sourceTree = BUILT_PRODUCTS_DIR; };
		B9125DD21C7A593D0058E1D7 /* SouqTaskTests.xctest */ = {isa = PBXFileReference; explicitFileType = wrapper.cfbundle; includeInIndex = 0; path = SouqTaskTests.xctest; sourceTree = BUILT_PRODUCTS_DIR; };
		B9125DD61C7A593D0058E1D7 /* SouqTaskTests.swift */ = {isa = PBXFileReference; lastKnownFileType = sourcecode.swift; path = SouqTaskTests.swift; sourceTree = "<group>"; };
		B9125DD81C7A593D0058E1D7 /* Info.plist */ = {isa = PBXFileReference; lastKnownFileType = text.plist.xml; path = Info.plist; sourceTree = "<group>"; };
		B9125DDD1C7A593D0058E1D7 /* SouqTaskUITests.xctest */ = {isa = PBXFileReference; explicitFileType = wrapper.cfbundle; includeInIndex = 0; path = SouqTaskUITests.xctest; sourceTree = BUILT_PRODUCTS_DIR; };
		B9125DE11C7A593D0058E1D7 /* SouqTaskUITests.swift */ = {isa = PBXFileReference; lastKnownFileType = sourcecode.swift; path = SouqTaskUITests.swift; sourceTree = "<group>"; };
		B9125DE31C7A593D0058E1D7 /* Info.plist */ = {isa = PBXFileReference; lastKnownFileType = text.plist.xml; path = Info.plist; sourceTree = "<group>"; };
		B9125DF01C7A5D360058E1D7 /* AppDelegate.swift */ = {isa = PBXFileReference; fileEncoding = 4; lastKnownFileType = sourcecode.swift; path = AppDelegate.swift; sourceTree = "<group>"; };
		B9125DF11C7A5D360058E1D7 /* Info.plist */ = {isa = PBXFileReference; fileEncoding = 4; lastKnownFileType = text.plist.xml; path = Info.plist; sourceTree = "<group>"; };
		B9125DF71C7A5D360058E1D7 /* Base */ = {isa = PBXFileReference; lastKnownFileType = file.storyboard; name = Base; path = Base.lproj/LaunchScreen.storyboard; sourceTree = "<group>"; };
		B9125DF91C7A5D360058E1D7 /* Base */ = {isa = PBXFileReference; lastKnownFileType = file.storyboard; name = Base; path = Base.lproj/Main.storyboard; sourceTree = "<group>"; };
		B9125E041C7A5D730058E1D7 /* BaseViewController.swift */ = {isa = PBXFileReference; fileEncoding = 4; lastKnownFileType = sourcecode.swift; name = BaseViewController.swift; path = Bases/BaseViewController.swift; sourceTree = "<group>"; };
		B9125E091C7A5E5A0058E1D7 /* BaseTableViewController.swift */ = {isa = PBXFileReference; fileEncoding = 4; lastKnownFileType = sourcecode.swift; name = BaseTableViewController.swift; path = Bases/BaseTableViewController.swift; sourceTree = "<group>"; };
		B9125E0B1C7A5E660058E1D7 /* BaseCollectionViewController.swift */ = {isa = PBXFileReference; fileEncoding = 4; lastKnownFileType = sourcecode.swift; name = BaseCollectionViewController.swift; path = Bases/BaseCollectionViewController.swift; sourceTree = "<group>"; };
		B9125E0D1C7A5F010058E1D7 /* ProductsCollectionViewController.swift */ = {isa = PBXFileReference; fileEncoding = 4; lastKnownFileType = sourcecode.swift; name = ProductsCollectionViewController.swift; path = Products/ProductsCollectionViewController.swift; sourceTree = "<group>"; };
		B9125E101C7A5F4E0058E1D7 /* FavoritesCollectionViewController.swift */ = {isa = PBXFileReference; fileEncoding = 4; lastKnownFileType = sourcecode.swift; name = FavoritesCollectionViewController.swift; path = Favorites/FavoritesCollectionViewController.swift; sourceTree = "<group>"; };
		B9125E161C7A61B50058E1D7 /* Assets.xcassets */ = {isa = PBXFileReference; lastKnownFileType = folder.assetcatalog; path = Assets.xcassets; sourceTree = "<group>"; };
		B9125E201C7BD0D80058E1D7 /* LoginTableViewController.swift */ = {isa = PBXFileReference; fileEncoding = 4; lastKnownFileType = sourcecode.swift; path = LoginTableViewController.swift; sourceTree = "<group>"; };
/* End PBXFileReference section */

/* Begin PBXFrameworksBuildPhase section */
		B9125DB91C7A593D0058E1D7 /* Frameworks */ = {
			isa = PBXFrameworksBuildPhase;
			buildActionMask = 2147483647;
			files = (
			);
			runOnlyForDeploymentPostprocessing = 0;
		};
		B9125DCF1C7A593D0058E1D7 /* Frameworks */ = {
			isa = PBXFrameworksBuildPhase;
			buildActionMask = 2147483647;
			files = (
			);
			runOnlyForDeploymentPostprocessing = 0;
		};
		B9125DDA1C7A593D0058E1D7 /* Frameworks */ = {
			isa = PBXFrameworksBuildPhase;
			buildActionMask = 2147483647;
			files = (
			);
			runOnlyForDeploymentPostprocessing = 0;
		};
/* End PBXFrameworksBuildPhase section */

/* Begin PBXGroup section */
		B9125DB31C7A593D0058E1D7 = {
			isa = PBXGroup;
			children = (
				B9125DBE1C7A593D0058E1D7 /* SouqTask */,
				B9125DD51C7A593D0058E1D7 /* SouqTaskTests */,
				B9125DE01C7A593D0058E1D7 /* SouqTaskUITests */,
				B9125DBD1C7A593D0058E1D7 /* Products */,
			);
			sourceTree = "<group>";
		};
		B9125DBD1C7A593D0058E1D7 /* Products */ = {
			isa = PBXGroup;
			children = (
				B9125DBC1C7A593D0058E1D7 /* SouqTask.app */,
				B9125DD21C7A593D0058E1D7 /* SouqTaskTests.xctest */,
				B9125DDD1C7A593D0058E1D7 /* SouqTaskUITests.xctest */,
			);
			name = Products;
			sourceTree = "<group>";
		};
		B9125DBE1C7A593D0058E1D7 /* SouqTask */ = {
			isa = PBXGroup;
			children = (
				B9125DF81C7A5D360058E1D7 /* Main.storyboard */,
				B9125DEF1C7A5D360058E1D7 /* Application */,
				B9125E031C7A5D4B0058E1D7 /* MVC */,
				B9125DF51C7A5D360058E1D7 /* Resources */,
				B9125DF31C7A5D360058E1D7 /* Helpers */,
				B9125DFC1C7A5D360058E1D7 /* Vendors */,
			);
			path = SouqTask;
			sourceTree = "<group>";
		};
		B9125DD51C7A593D0058E1D7 /* SouqTaskTests */ = {
			isa = PBXGroup;
			children = (
				B9125DD61C7A593D0058E1D7 /* SouqTaskTests.swift */,
				B9125DD81C7A593D0058E1D7 /* Info.plist */,
			);
			path = SouqTaskTests;
			sourceTree = "<group>";
		};
		B9125DE01C7A593D0058E1D7 /* SouqTaskUITests */ = {
			isa = PBXGroup;
			children = (
				B9125DE11C7A593D0058E1D7 /* SouqTaskUITests.swift */,
				B9125DE31C7A593D0058E1D7 /* Info.plist */,
			);
			path = SouqTaskUITests;
			sourceTree = "<group>";
		};
		B9125DEF1C7A5D360058E1D7 /* Application */ = {
			isa = PBXGroup;
			children = (
				B9125DF01C7A5D360058E1D7 /* AppDelegate.swift */,
				B9125DF11C7A5D360058E1D7 /* Info.plist */,
			);
			path = Application;
			sourceTree = "<group>";
		};
		B9125DF21C7A5D360058E1D7 /* Controllers */ = {
			isa = PBXGroup;
			children = (
				B9125E061C7A5D790058E1D7 /* Bases */,
				B9125E1D1C7BB9E90058E1D7 /* Login */,
				B9125E0F1C7A5F070058E1D7 /* Products */,
				B9125E121C7A5F520058E1D7 /* Favorites */,
			);
			path = Controllers;
			sourceTree = "<group>";
		};
		B9125DF31C7A5D360058E1D7 /* Helpers */ = {
			isa = PBXGroup;
			children = (
			);
			path = Helpers;
			sourceTree = "<group>";
		};
		B9125DF41C7A5D360058E1D7 /* Models */ = {
			isa = PBXGroup;
			children = (
			);
			path = Models;
			sourceTree = "<group>";
		};
		B9125DF51C7A5D360058E1D7 /* Resources */ = {
			isa = PBXGroup;
			children = (
				B9125DFA1C7A5D360058E1D7 /* Images */,
				B9125E131C7A5F7B0058E1D7 /* Other */,
			);
			path = Resources;
			sourceTree = "<group>";
		};
		B9125DFA1C7A5D360058E1D7 /* Images */ = {
			isa = PBXGroup;
			children = (
				B9125E161C7A61B50058E1D7 /* Assets.xcassets */,
			);
			path = Images;
			sourceTree = "<group>";
		};
		B9125DFC1C7A5D360058E1D7 /* Vendors */ = {
			isa = PBXGroup;
			children = (
			);
			path = Vendors;
			sourceTree = "<group>";
		};
		B9125DFD1C7A5D360058E1D7 /* Views */ = {
			isa = PBXGroup;
			children = (
			);
			path = Views;
			sourceTree = "<group>";
		};
		B9125E031C7A5D4B0058E1D7 /* MVC */ = {
			isa = PBXGroup;
			children = (
				B9125DF41C7A5D360058E1D7 /* Models */,
				B9125DFD1C7A5D360058E1D7 /* Views */,
				B9125DF21C7A5D360058E1D7 /* Controllers */,
			);
			name = MVC;
			sourceTree = "<group>";
		};
		B9125E061C7A5D790058E1D7 /* Bases */ = {
			isa = PBXGroup;
			children = (
				B9125E041C7A5D730058E1D7 /* BaseViewController.swift */,
				B9125E091C7A5E5A0058E1D7 /* BaseTableViewController.swift */,
				B9125E0B1C7A5E660058E1D7 /* BaseCollectionViewController.swift */,
			);
			name = Bases;
			sourceTree = "<group>";
		};
		B9125E0F1C7A5F070058E1D7 /* Products */ = {
			isa = PBXGroup;
			children = (
				B9125E0D1C7A5F010058E1D7 /* ProductsCollectionViewController.swift */,
			);
			name = Products;
			sourceTree = "<group>";
		};
		B9125E121C7A5F520058E1D7 /* Favorites */ = {
			isa = PBXGroup;
			children = (
				B9125E101C7A5F4E0058E1D7 /* FavoritesCollectionViewController.swift */,
			);
			name = Favorites;
			sourceTree = "<group>";
		};
		B9125E131C7A5F7B0058E1D7 /* Other */ = {
			isa = PBXGroup;
			children = (
				B9125DF61C7A5D360058E1D7 /* LaunchScreen.storyboard */,
			);
			name = Other;
			sourceTree = "<group>";
		};
		B9125E1D1C7BB9E90058E1D7 /* Login */ = {
			isa = PBXGroup;
			children = (
				B9125E201C7BD0D80058E1D7 /* LoginTableViewController.swift */,
			);
			path = Login;
			sourceTree = "<group>";
		};
/* End PBXGroup section */

/* Begin PBXNativeTarget section */
		B9125DBB1C7A593D0058E1D7 /* SouqTask */ = {
			isa = PBXNativeTarget;
			buildConfigurationList = B9125DE61C7A593D0058E1D7 /* Build configuration list for PBXNativeTarget "SouqTask" */;
			buildPhases = (
				B9125DB81C7A593D0058E1D7 /* Sources */,
				B9125DB91C7A593D0058E1D7 /* Frameworks */,
				B9125DBA1C7A593D0058E1D7 /* Resources */,
			);
			buildRules = (
			);
			dependencies = (
			);
			name = SouqTask;
			productName = SouqTask;
			productReference = B9125DBC1C7A593D0058E1D7 /* SouqTask.app */;
			productType = "com.apple.product-type.application";
		};
		B9125DD11C7A593D0058E1D7 /* SouqTaskTests */ = {
			isa = PBXNativeTarget;
			buildConfigurationList = B9125DE91C7A593D0058E1D7 /* Build configuration list for PBXNativeTarget "SouqTaskTests" */;
			buildPhases = (
				B9125DCE1C7A593D0058E1D7 /* Sources */,
				B9125DCF1C7A593D0058E1D7 /* Frameworks */,
				B9125DD01C7A593D0058E1D7 /* Resources */,
			);
			buildRules = (
			);
			dependencies = (
				B9125DD41C7A593D0058E1D7 /* PBXTargetDependency */,
			);
			name = SouqTaskTests;
			productName = SouqTaskTests;
			productReference = B9125DD21C7A593D0058E1D7 /* SouqTaskTests.xctest */;
			productType = "com.apple.product-type.bundle.unit-test";
		};
		B9125DDC1C7A593D0058E1D7 /* SouqTaskUITests */ = {
			isa = PBXNativeTarget;
			buildConfigurationList = B9125DEC1C7A593D0058E1D7 /* Build configuration list for PBXNativeTarget "SouqTaskUITests" */;
			buildPhases = (
				B9125DD91C7A593D0058E1D7 /* Sources */,
				B9125DDA1C7A593D0058E1D7 /* Frameworks */,
				B9125DDB1C7A593D0058E1D7 /* Resources */,
			);
			buildRules = (
			);
			dependencies = (
				B9125DDF1C7A593D0058E1D7 /* PBXTargetDependency */,
			);
			name = SouqTaskUITests;
			productName = SouqTaskUITests;
			productReference = B9125DDD1C7A593D0058E1D7 /* SouqTaskUITests.xctest */;
			productType = "com.apple.product-type.bundle.ui-testing";
		};
/* End PBXNativeTarget section */

/* Begin PBXProject section */
		B9125DB41C7A593D0058E1D7 /* Project object */ = {
			isa = PBXProject;
			attributes = {
				LastSwiftUpdateCheck = 0720;
				LastUpgradeCheck = 0720;
				ORGANIZATIONNAME = Mamouneyya;
				TargetAttributes = {
					B9125DBB1C7A593D0058E1D7 = {
						CreatedOnToolsVersion = 7.2.1;
					};
					B9125DD11C7A593D0058E1D7 = {
						CreatedOnToolsVersion = 7.2.1;
						TestTargetID = B9125DBB1C7A593D0058E1D7;
					};
					B9125DDC1C7A593D0058E1D7 = {
						CreatedOnToolsVersion = 7.2.1;
						TestTargetID = B9125DBB1C7A593D0058E1D7;
					};
				};
			};
			buildConfigurationList = B9125DB71C7A593D0058E1D7 /* Build configuration list for PBXProject "SouqTask" */;
			compatibilityVersion = "Xcode 3.2";
			developmentRegion = English;
			hasScannedForEncodings = 0;
			knownRegions = (
				en,
				Base,
			);
			mainGroup = B9125DB31C7A593D0058E1D7;
			productRefGroup = B9125DBD1C7A593D0058E1D7 /* Products */;
			projectDirPath = "";
			projectRoot = "";
			targets = (
				B9125DBB1C7A593D0058E1D7 /* SouqTask */,
				B9125DD11C7A593D0058E1D7 /* SouqTaskTests */,
				B9125DDC1C7A593D0058E1D7 /* SouqTaskUITests */,
			);
		};
/* End PBXProject section */

/* Begin PBXResourcesBuildPhase section */
		B9125DBA1C7A593D0058E1D7 /* Resources */ = {
			isa = PBXResourcesBuildPhase;
			buildActionMask = 2147483647;
			files = (
				B9125E011C7A5D360058E1D7 /* Main.storyboard in Resources */,
				B9125E171C7A61B50058E1D7 /* Assets.xcassets in Resources */,
				B9125E001C7A5D360058E1D7 /* LaunchScreen.storyboard in Resources */,
			);
			runOnlyForDeploymentPostprocessing = 0;
		};
		B9125DD01C7A593D0058E1D7 /* Resources */ = {
			isa = PBXResourcesBuildPhase;
			buildActionMask = 2147483647;
			files = (
			);
			runOnlyForDeploymentPostprocessing = 0;
		};
		B9125DDB1C7A593D0058E1D7 /* Resources */ = {
			isa = PBXResourcesBuildPhase;
			buildActionMask = 2147483647;
			files = (
			);
			runOnlyForDeploymentPostprocessing = 0;
		};
/* End PBXResourcesBuildPhase section */

/* Begin PBXSourcesBuildPhase section */
		B9125DB81C7A593D0058E1D7 /* Sources */ = {
			isa = PBXSourcesBuildPhase;
			buildActionMask = 2147483647;
			files = (
				B9125E211C7BD0D80058E1D7 /* LoginTableViewController.swift in Sources */,
				B9125DFE1C7A5D360058E1D7 /* AppDelegate.swift in Sources */,
				B9125E0E1C7A5F010058E1D7 /* ProductsCollectionViewController.swift in Sources */,
				B9125E0A1C7A5E5A0058E1D7 /* BaseTableViewController.swift in Sources */,
				B9125E111C7A5F4E0058E1D7 /* FavoritesCollectionViewController.swift in Sources */,
				B9125E051C7A5D730058E1D7 /* BaseViewController.swift in Sources */,
				B9125E0C1C7A5E660058E1D7 /* BaseCollectionViewController.swift in Sources */,
			);
			runOnlyForDeploymentPostprocessing = 0;
		};
		B9125DCE1C7A593D0058E1D7 /* Sources */ = {
			isa = PBXSourcesBuildPhase;
			buildActionMask = 2147483647;
			files = (
				B9125DD71C7A593D0058E1D7 /* SouqTaskTests.swift in Sources */,
			);
			runOnlyForDeploymentPostprocessing = 0;
		};
		B9125DD91C7A593D0058E1D7 /* Sources */ = {
			isa = PBXSourcesBuildPhase;
			buildActionMask = 2147483647;
			files = (
				B9125DE21C7A593D0058E1D7 /* SouqTaskUITests.swift in Sources */,
			);
			runOnlyForDeploymentPostprocessing = 0;
		};
/* End PBXSourcesBuildPhase section */

/* Begin PBXTargetDependency section */
		B9125DD41C7A593D0058E1D7 /* PBXTargetDependency */ = {
			isa = PBXTargetDependency;
			target = B9125DBB1C7A593D0058E1D7 /* SouqTask */;
			targetProxy = B9125DD31C7A593D0058E1D7 /* PBXContainerItemProxy */;
		};
		B9125DDF1C7A593D0058E1D7 /* PBXTargetDependency */ = {
			isa = PBXTargetDependency;
			target = B9125DBB1C7A593D0058E1D7 /* SouqTask */;
			targetProxy = B9125DDE1C7A593D0058E1D7 /* PBXContainerItemProxy */;
		};
/* End PBXTargetDependency section */

/* Begin PBXVariantGroup section */
		B9125DF61C7A5D360058E1D7 /* LaunchScreen.storyboard */ = {
			isa = PBXVariantGroup;
			children = (
				B9125DF71C7A5D360058E1D7 /* Base */,
			);
			name = LaunchScreen.storyboard;
			sourceTree = "<group>";
		};
		B9125DF81C7A5D360058E1D7 /* Main.storyboard */ = {
			isa = PBXVariantGroup;
			children = (
				B9125DF91C7A5D360058E1D7 /* Base */,
			);
			name = Main.storyboard;
			path = Resources;
			sourceTree = "<group>";
		};
/* End PBXVariantGroup section */

/* Begin XCBuildConfiguration section */
		B9125DE41C7A593D0058E1D7 /* Debug */ = {
			isa = XCBuildConfiguration;
			buildSettings = {
				ALWAYS_SEARCH_USER_PATHS = NO;
				CLANG_CXX_LANGUAGE_STANDARD = "gnu++0x";
				CLANG_CXX_LIBRARY = "libc++";
				CLANG_ENABLE_MODULES = YES;
				CLANG_ENABLE_OBJC_ARC = YES;
				CLANG_WARN_BOOL_CONVERSION = YES;
				CLANG_WARN_CONSTANT_CONVERSION = YES;
				CLANG_WARN_DIRECT_OBJC_ISA_USAGE = YES_ERROR;
				CLANG_WARN_EMPTY_BODY = YES;
				CLANG_WARN_ENUM_CONVERSION = YES;
				CLANG_WARN_INT_CONVERSION = YES;
				CLANG_WARN_OBJC_ROOT_CLASS = YES_ERROR;
				CLANG_WARN_UNREACHABLE_CODE = YES;
				CLANG_WARN__DUPLICATE_METHOD_MATCH = YES;
				"CODE_SIGN_IDENTITY[sdk=iphoneos*]" = "iPhone Developer";
				COPY_PHASE_STRIP = NO;
				DEBUG_INFORMATION_FORMAT = dwarf;
				ENABLE_STRICT_OBJC_MSGSEND = YES;
				ENABLE_TESTABILITY = YES;
				GCC_C_LANGUAGE_STANDARD = gnu99;
				GCC_DYNAMIC_NO_PIC = NO;
				GCC_NO_COMMON_BLOCKS = YES;
				GCC_OPTIMIZATION_LEVEL = 0;
				GCC_PREPROCESSOR_DEFINITIONS = (
					"DEBUG=1",
					"$(inherited)",
				);
				GCC_WARN_64_TO_32_BIT_CONVERSION = YES;
				GCC_WARN_ABOUT_RETURN_TYPE = YES_ERROR;
				GCC_WARN_UNDECLARED_SELECTOR = YES;
				GCC_WARN_UNINITIALIZED_AUTOS = YES_AGGRESSIVE;
				GCC_WARN_UNUSED_FUNCTION = YES;
				GCC_WARN_UNUSED_VARIABLE = YES;
				IPHONEOS_DEPLOYMENT_TARGET = 9.2;
				MTL_ENABLE_DEBUG_INFO = YES;
				ONLY_ACTIVE_ARCH = YES;
				SDKROOT = iphoneos;
				SWIFT_OPTIMIZATION_LEVEL = "-Onone";
				TARGETED_DEVICE_FAMILY = "1,2";
			};
			name = Debug;
		};
		B9125DE51C7A593D0058E1D7 /* Release */ = {
			isa = XCBuildConfiguration;
			buildSettings = {
				ALWAYS_SEARCH_USER_PATHS = NO;
				CLANG_CXX_LANGUAGE_STANDARD = "gnu++0x";
				CLANG_CXX_LIBRARY = "libc++";
				CLANG_ENABLE_MODULES = YES;
				CLANG_ENABLE_OBJC_ARC = YES;
				CLANG_WARN_BOOL_CONVERSION = YES;
				CLANG_WARN_CONSTANT_CONVERSION = YES;
				CLANG_WARN_DIRECT_OBJC_ISA_USAGE = YES_ERROR;
				CLANG_WARN_EMPTY_BODY = YES;
				CLANG_WARN_ENUM_CONVERSION = YES;
				CLANG_WARN_INT_CONVERSION = YES;
				CLANG_WARN_OBJC_ROOT_CLASS = YES_ERROR;
				CLANG_WARN_UNREACHABLE_CODE = YES;
				CLANG_WARN__DUPLICATE_METHOD_MATCH = YES;
				"CODE_SIGN_IDENTITY[sdk=iphoneos*]" = "iPhone Developer";
				COPY_PHASE_STRIP = NO;
				DEBUG_INFORMATION_FORMAT = "dwarf-with-dsym";
				ENABLE_NS_ASSERTIONS = NO;
				ENABLE_STRICT_OBJC_MSGSEND = YES;
				GCC_C_LANGUAGE_STANDARD = gnu99;
				GCC_NO_COMMON_BLOCKS = YES;
				GCC_WARN_64_TO_32_BIT_CONVERSION = YES;
				GCC_WARN_ABOUT_RETURN_TYPE = YES_ERROR;
				GCC_WARN_UNDECLARED_SELECTOR = YES;
				GCC_WARN_UNINITIALIZED_AUTOS = YES_AGGRESSIVE;
				GCC_WARN_UNUSED_FUNCTION = YES;
				GCC_WARN_UNUSED_VARIABLE = YES;
				IPHONEOS_DEPLOYMENT_TARGET = 9.2;
				MTL_ENABLE_DEBUG_INFO = NO;
				SDKROOT = iphoneos;
				TARGETED_DEVICE_FAMILY = "1,2";
				VALIDATE_PRODUCT = YES;
			};
			name = Release;
		};
		B9125DE71C7A593D0058E1D7 /* Debug */ = {
			isa = XCBuildConfiguration;
			buildSettings = {
				ASSETCATALOG_COMPILER_APPICON_NAME = AppIcon;
				INFOPLIST_FILE = "$(SRCROOT)/SouqTask/Application/Info.plist";
				LD_RUNPATH_SEARCH_PATHS = "$(inherited) @executable_path/Frameworks";
				PRODUCT_BUNDLE_IDENTIFIER = com.mamouneyya.SouqTask;
				PRODUCT_NAME = "$(TARGET_NAME)";
			};
			name = Debug;
		};
		B9125DE81C7A593D0058E1D7 /* Release */ = {
			isa = XCBuildConfiguration;
			buildSettings = {
				ASSETCATALOG_COMPILER_APPICON_NAME = AppIcon;
				INFOPLIST_FILE = "$(SRCROOT)/SouqTask/Application/Info.plist";
				LD_RUNPATH_SEARCH_PATHS = "$(inherited) @executable_path/Frameworks";
				PRODUCT_BUNDLE_IDENTIFIER = com.mamouneyya.SouqTask;
				PRODUCT_NAME = "$(TARGET_NAME)";
			};
			name = Release;
		};
		B9125DEA1C7A593D0058E1D7 /* Debug */ = {
			isa = XCBuildConfiguration;
			buildSettings = {
				BUNDLE_LOADER = "$(TEST_HOST)";
				INFOPLIST_FILE = SouqTaskTests/Info.plist;
				LD_RUNPATH_SEARCH_PATHS = "$(inherited) @executable_path/Frameworks @loader_path/Frameworks";
				PRODUCT_BUNDLE_IDENTIFIER = com.mamouneyya.SouqTaskTests;
				PRODUCT_NAME = "$(TARGET_NAME)";
				TEST_HOST = "$(BUILT_PRODUCTS_DIR)/SouqTask.app/SouqTask";
			};
			name = Debug;
		};
		B9125DEB1C7A593D0058E1D7 /* Release */ = {
			isa = XCBuildConfiguration;
			buildSettings = {
				BUNDLE_LOADER = "$(TEST_HOST)";
				INFOPLIST_FILE = SouqTaskTests/Info.plist;
				LD_RUNPATH_SEARCH_PATHS = "$(inherited) @executable_path/Frameworks @loader_path/Frameworks";
				PRODUCT_BUNDLE_IDENTIFIER = com.mamouneyya.SouqTaskTests;
				PRODUCT_NAME = "$(TARGET_NAME)";
				TEST_HOST = "$(BUILT_PRODUCTS_DIR)/SouqTask.app/SouqTask";
			};
			name = Release;
		};
		B9125DED1C7A593D0058E1D7 /* Debug */ = {
			isa = XCBuildConfiguration;
			buildSettings = {
				INFOPLIST_FILE = SouqTaskUITests/Info.plist;
				LD_RUNPATH_SEARCH_PATHS = "$(inherited) @executable_path/Frameworks @loader_path/Frameworks";
				PRODUCT_BUNDLE_IDENTIFIER = com.mamouneyya.SouqTaskUITests;
				PRODUCT_NAME = "$(TARGET_NAME)";
				TEST_TARGET_NAME = SouqTask;
				USES_XCTRUNNER = YES;
			};
			name = Debug;
		};
		B9125DEE1C7A593D0058E1D7 /* Release */ = {
			isa = XCBuildConfiguration;
			buildSettings = {
				INFOPLIST_FILE = SouqTaskUITests/Info.plist;
				LD_RUNPATH_SEARCH_PATHS = "$(inherited) @executable_path/Frameworks @loader_path/Frameworks";
				PRODUCT_BUNDLE_IDENTIFIER = com.mamouneyya.SouqTaskUITests;
				PRODUCT_NAME = "$(TARGET_NAME)";
				TEST_TARGET_NAME = SouqTask;
				USES_XCTRUNNER = YES;
			};
			name = Release;
		};
/* End XCBuildConfiguration section */

/* Begin XCConfigurationList section */
		B9125DB71C7A593D0058E1D7 /* Build configuration list for PBXProject "SouqTask" */ = {
			isa = XCConfigurationList;
			buildConfigurations = (
				B9125DE41C7A593D0058E1D7 /* Debug */,
				B9125DE51C7A593D0058E1D7 /* Release */,
			);
			defaultConfigurationIsVisible = 0;
			defaultConfigurationName = Release;
		};
		B9125DE61C7A593D0058E1D7 /* Build configuration list for PBXNativeTarget "SouqTask" */ = {
			isa = XCConfigurationList;
			buildConfigurations = (
				B9125DE71C7A593D0058E1D7 /* Debug */,
				B9125DE81C7A593D0058E1D7 /* Release */,
			);
			defaultConfigurationIsVisible = 0;
		};
		B9125DE91C7A593D0058E1D7 /* Build configuration list for PBXNativeTarget "SouqTaskTests" */ = {
			isa = XCConfigurationList;
			buildConfigurations = (
				B9125DEA1C7A593D0058E1D7 /* Debug */,
				B9125DEB1C7A593D0058E1D7 /* Release */,
			);
			defaultConfigurationIsVisible = 0;
		};
		B9125DEC1C7A593D0058E1D7 /* Build configuration list for PBXNativeTarget "SouqTaskUITests" */ = {
			isa = XCConfigurationList;
			buildConfigurations = (
				B9125DED1C7A593D0058E1D7 /* Debug */,
				B9125DEE1C7A593D0058E1D7 /* Release */,
			);
			defaultConfigurationIsVisible = 0;
		};
/* End XCConfigurationList section */
	};
	rootObject = B9125DB41C7A593D0058E1D7 /* Project object */;
}
